// !$*UTF8*$!
{
	archiveVersion = 1;
	classes = {
	};
	objectVersion = 56;
	objects = {

/* Begin PBXBuildFile section */
		E85C7FF02C2988A000E9F875 /* ADBannerViewModel.swift in Sources */ = {isa = PBXBuildFile; fileRef = E85C7FEF2C2988A000E9F875 /* ADBannerViewModel.swift */; };
		E85C7FFC2C29A8A900E9F875 /* ADBannerItemView.swift in Sources */ = {isa = PBXBuildFile; fileRef = E85C7FFB2C29A8A900E9F875 /* ADBannerItemView.swift */; };
		E85C7FFF2C29A8E200E9F875 /* ADBannerView.swift in Sources */ = {isa = PBXBuildFile; fileRef = E85C7FFE2C29A8E200E9F875 /* ADBannerView.swift */; };
		E85C80012C29A94200E9F875 /* InfinitePageView.swift in Sources */ = {isa = PBXBuildFile; fileRef = E85C80002C29A94200E9F875 /* InfinitePageView.swift */; };
		E85C80042C29B2E300E9F875 /* ADBannerModel.swift in Sources */ = {isa = PBXBuildFile; fileRef = E85C80032C29B2E300E9F875 /* ADBannerModel.swift */; };
		E884DE932C32E8BD00D1B884 /* TabbarView.swift in Sources */ = {isa = PBXBuildFile; fileRef = E884DE922C32E8BD00D1B884 /* TabbarView.swift */; };
		E884DE992C32EBD300D1B884 /* WishListView.swift in Sources */ = {isa = PBXBuildFile; fileRef = E884DE982C32EBD300D1B884 /* WishListView.swift */; };
		E884DE9B2C32EBF600D1B884 /* CameraView.swift in Sources */ = {isa = PBXBuildFile; fileRef = E884DE9A2C32EBF600D1B884 /* CameraView.swift */; };
		E884DE9D2C32EC0900D1B884 /* CartView.swift in Sources */ = {isa = PBXBuildFile; fileRef = E884DE9C2C32EC0900D1B884 /* CartView.swift */; };
		E884DE9F2C32EC1D00D1B884 /* AccountView.swift in Sources */ = {isa = PBXBuildFile; fileRef = E884DE9E2C32EC1D00D1B884 /* AccountView.swift */; };
		E884DEA12C32ECF800D1B884 /* CustomTabbarView.swift in Sources */ = {isa = PBXBuildFile; fileRef = E884DEA02C32ECF800D1B884 /* CustomTabbarView.swift */; };
		E884DEA32C32F86100D1B884 /* ButtonView.swift in Sources */ = {isa = PBXBuildFile; fileRef = E884DEA22C32F86100D1B884 /* ButtonView.swift */; };
		E8AA826A2C2427D400185D5D /* JosimiApp.swift in Sources */ = {isa = PBXBuildFile; fileRef = E8AA82692C2427D400185D5D /* JosimiApp.swift */; };
		E8AA826C2C2427D400185D5D /* ContentView.swift in Sources */ = {isa = PBXBuildFile; fileRef = E8AA826B2C2427D400185D5D /* ContentView.swift */; };
		E8AA826E2C2427D600185D5D /* Assets.xcassets in Resources */ = {isa = PBXBuildFile; fileRef = E8AA826D2C2427D600185D5D /* Assets.xcassets */; };
		E8AA82712C2427D600185D5D /* Preview Assets.xcassets in Resources */ = {isa = PBXBuildFile; fileRef = E8AA82702C2427D600185D5D /* Preview Assets.xcassets */; };
		E8AA82792C2428A400185D5D /* MainHomeView.swift in Sources */ = {isa = PBXBuildFile; fileRef = E8AA82782C2428A400185D5D /* MainHomeView.swift */; };
		E8AA827C2C242BCE00185D5D /* SearchBarView.swift in Sources */ = {isa = PBXBuildFile; fileRef = E8AA827B2C242BCE00185D5D /* SearchBarView.swift */; };
/* End PBXBuildFile section */

/* Begin PBXFileReference section */
		E85C7FEF2C2988A000E9F875 /* ADBannerViewModel.swift */ = {isa = PBXFileReference; lastKnownFileType = sourcecode.swift; path = ADBannerViewModel.swift; sourceTree = "<group>"; };
		E85C7FFB2C29A8A900E9F875 /* ADBannerItemView.swift */ = {isa = PBXFileReference; lastKnownFileType = sourcecode.swift; path = ADBannerItemView.swift; sourceTree = "<group>"; };
		E85C7FFE2C29A8E200E9F875 /* ADBannerView.swift */ = {isa = PBXFileReference; lastKnownFileType = sourcecode.swift; path = ADBannerView.swift; sourceTree = "<group>"; };
		E85C80002C29A94200E9F875 /* InfinitePageView.swift */ = {isa = PBXFileReference; lastKnownFileType = sourcecode.swift; path = InfinitePageView.swift; sourceTree = "<group>"; };
		E85C80032C29B2E300E9F875 /* ADBannerModel.swift */ = {isa = PBXFileReference; lastKnownFileType = sourcecode.swift; path = ADBannerModel.swift; sourceTree = "<group>"; };
		E884DE922C32E8BD00D1B884 /* TabbarView.swift */ = {isa = PBXFileReference; lastKnownFileType = sourcecode.swift; path = TabbarView.swift; sourceTree = "<group>"; };
		E884DE982C32EBD300D1B884 /* WishListView.swift */ = {isa = PBXFileReference; lastKnownFileType = sourcecode.swift; path = WishListView.swift; sourceTree = "<group>"; };
		E884DE9A2C32EBF600D1B884 /* CameraView.swift */ = {isa = PBXFileReference; lastKnownFileType = sourcecode.swift; path = CameraView.swift; sourceTree = "<group>"; };
		E884DE9C2C32EC0900D1B884 /* CartView.swift */ = {isa = PBXFileReference; lastKnownFileType = sourcecode.swift; path = CartView.swift; sourceTree = "<group>"; };
		E884DE9E2C32EC1D00D1B884 /* AccountView.swift */ = {isa = PBXFileReference; lastKnownFileType = sourcecode.swift; path = AccountView.swift; sourceTree = "<group>"; };
		E884DEA02C32ECF800D1B884 /* CustomTabbarView.swift */ = {isa = PBXFileReference; lastKnownFileType = sourcecode.swift; path = CustomTabbarView.swift; sourceTree = "<group>"; };
		E884DEA22C32F86100D1B884 /* ButtonView.swift */ = {isa = PBXFileReference; lastKnownFileType = sourcecode.swift; path = ButtonView.swift; sourceTree = "<group>"; };
		E8AA82662C2427D400185D5D /* Josimi.app */ = {isa = PBXFileReference; explicitFileType = wrapper.application; includeInIndex = 0; path = Josimi.app; sourceTree = BUILT_PRODUCTS_DIR; };
		E8AA82692C2427D400185D5D /* JosimiApp.swift */ = {isa = PBXFileReference; lastKnownFileType = sourcecode.swift; path = JosimiApp.swift; sourceTree = "<group>"; };
		E8AA826B2C2427D400185D5D /* ContentView.swift */ = {isa = PBXFileReference; lastKnownFileType = sourcecode.swift; path = ContentView.swift; sourceTree = "<group>"; };
		E8AA826D2C2427D600185D5D /* Assets.xcassets */ = {isa = PBXFileReference; lastKnownFileType = folder.assetcatalog; path = Assets.xcassets; sourceTree = "<group>"; };
		E8AA82702C2427D600185D5D /* Preview Assets.xcassets */ = {isa = PBXFileReference; lastKnownFileType = folder.assetcatalog; path = "Preview Assets.xcassets"; sourceTree = "<group>"; };
		E8AA82782C2428A400185D5D /* MainHomeView.swift */ = {isa = PBXFileReference; lastKnownFileType = sourcecode.swift; path = MainHomeView.swift; sourceTree = "<group>"; };
		E8AA827B2C242BCE00185D5D /* SearchBarView.swift */ = {isa = PBXFileReference; lastKnownFileType = sourcecode.swift; path = SearchBarView.swift; sourceTree = "<group>"; };
/* End PBXFileReference section */

/* Begin PBXFrameworksBuildPhase section */
		E8AA82632C2427D400185D5D /* Frameworks */ = {
			isa = PBXFrameworksBuildPhase;
			buildActionMask = 2147483647;
			files = (
			);
			runOnlyForDeploymentPostprocessing = 0;
		};
/* End PBXFrameworksBuildPhase section */

/* Begin PBXGroup section */
		E85C7FE82C297F2600E9F875 /* ADBanner */ = {
			isa = PBXGroup;
			children = (
				E85C7FFD2C29A8BC00E9F875 /* View */,
				E85C7FF12C298B5100E9F875 /* ViewModel */,
			);
			path = ADBanner;
			sourceTree = "<group>";
		};
		E85C7FF12C298B5100E9F875 /* ViewModel */ = {
			isa = PBXGroup;
			children = (
				E85C7FEF2C2988A000E9F875 /* ADBannerViewModel.swift */,
			);
			path = ViewModel;
			sourceTree = "<group>";
		};
		E85C7FFD2C29A8BC00E9F875 /* View */ = {
			isa = PBXGroup;
			children = (
				E85C7FFB2C29A8A900E9F875 /* ADBannerItemView.swift */,
				E85C7FFE2C29A8E200E9F875 /* ADBannerView.swift */,
				E85C80002C29A94200E9F875 /* InfinitePageView.swift */,
			);
			path = View;
			sourceTree = "<group>";
		};
		E85C80022C29B2D000E9F875 /* Model */ = {
			isa = PBXGroup;
			children = (
				E85C80032C29B2E300E9F875 /* ADBannerModel.swift */,
			);
			path = Model;
			sourceTree = "<group>";
		};
		E884DE912C32E8A400D1B884 /* Tabbar */ = {
			isa = PBXGroup;
			children = (
				E884DE922C32E8BD00D1B884 /* TabbarView.swift */,
				E884DEA02C32ECF800D1B884 /* CustomTabbarView.swift */,
				E884DEA22C32F86100D1B884 /* ButtonView.swift */,
			);
			path = Tabbar;
			sourceTree = "<group>";
		};
		E884DE942C32EBA900D1B884 /* WishList */ = {
			isa = PBXGroup;
			children = (
				E884DE982C32EBD300D1B884 /* WishListView.swift */,
			);
			path = WishList;
			sourceTree = "<group>";
		};
		E884DE952C32EBB300D1B884 /* Camera */ = {
			isa = PBXGroup;
			children = (
				E884DE9A2C32EBF600D1B884 /* CameraView.swift */,
			);
			path = Camera;
			sourceTree = "<group>";
		};
		E884DE962C32EBBA00D1B884 /* Cart */ = {
			isa = PBXGroup;
			children = (
				E884DE9C2C32EC0900D1B884 /* CartView.swift */,
			);
			path = Cart;
			sourceTree = "<group>";
		};
		E884DE972C32EBC200D1B884 /* Account */ = {
			isa = PBXGroup;
			children = (
				E884DE9E2C32EC1D00D1B884 /* AccountView.swift */,
			);
			path = Account;
			sourceTree = "<group>";
		};
		E8AA825D2C2427D400185D5D = {
			isa = PBXGroup;
			children = (
				E8AA82682C2427D400185D5D /* Josimi */,
				E8AA82672C2427D400185D5D /* Products */,
			);
			sourceTree = "<group>";
		};
		E8AA82672C2427D400185D5D /* Products */ = {
			isa = PBXGroup;
			children = (
				E8AA82662C2427D400185D5D /* Josimi.app */,
			);
			name = Products;
			sourceTree = "<group>";
		};
		E8AA82682C2427D400185D5D /* Josimi */ = {
			isa = PBXGroup;
			children = (
				E884DE972C32EBC200D1B884 /* Account */,
				E884DE962C32EBBA00D1B884 /* Cart */,
				E884DE952C32EBB300D1B884 /* Camera */,
				E884DE942C32EBA900D1B884 /* WishList */,
				E884DE912C32E8A400D1B884 /* Tabbar */,
				E85C7FE82C297F2600E9F875 /* ADBanner */,
				E8AA827A2C242AAA00185D5D /* SearchBar */,
				E8AA82692C2427D400185D5D /* JosimiApp.swift */,
				E8AA826B2C2427D400185D5D /* ContentView.swift */,
				E8AA82772C24281000185D5D /* MainHome */,
				E85C80022C29B2D000E9F875 /* Model */,
				E8AA826D2C2427D600185D5D /* Assets.xcassets */,
				E8AA826F2C2427D600185D5D /* Preview Content */,
			);
			path = Josimi;
			sourceTree = "<group>";
		};
		E8AA826F2C2427D600185D5D /* Preview Content */ = {
			isa = PBXGroup;
			children = (
				E8AA82702C2427D600185D5D /* Preview Assets.xcassets */,
			);
			path = "Preview Content";
			sourceTree = "<group>";
		};
		E8AA82772C24281000185D5D /* MainHome */ = {
			isa = PBXGroup;
			children = (
				E8AA82782C2428A400185D5D /* MainHomeView.swift */,
			);
			path = MainHome;
			sourceTree = "<group>";
		};
		E8AA827A2C242AAA00185D5D /* SearchBar */ = {
			isa = PBXGroup;
			children = (
				E8AA827B2C242BCE00185D5D /* SearchBarView.swift */,
			);
			path = SearchBar;
			sourceTree = "<group>";
		};
/* End PBXGroup section */

/* Begin PBXNativeTarget section */
		E8AA82652C2427D400185D5D /* Josimi */ = {
			isa = PBXNativeTarget;
			buildConfigurationList = E8AA82742C2427D600185D5D /* Build configuration list for PBXNativeTarget "Josimi" */;
			buildPhases = (
				E8AA82622C2427D400185D5D /* Sources */,
				E8AA82632C2427D400185D5D /* Frameworks */,
				E8AA82642C2427D400185D5D /* Resources */,
			);
			buildRules = (
			);
			dependencies = (
			);
			name = Josimi;
			productName = Josimi;
			productReference = E8AA82662C2427D400185D5D /* Josimi.app */;
			productType = "com.apple.product-type.application";
		};
/* End PBXNativeTarget section */

/* Begin PBXProject section */
		E8AA825E2C2427D400185D5D /* Project object */ = {
			isa = PBXProject;
			attributes = {
				BuildIndependentTargetsInParallel = 1;
				LastSwiftUpdateCheck = 1530;
				LastUpgradeCheck = 1530;
				TargetAttributes = {
					E8AA82652C2427D400185D5D = {
						CreatedOnToolsVersion = 15.3;
					};
				};
			};
			buildConfigurationList = E8AA82612C2427D400185D5D /* Build configuration list for PBXProject "Josimi" */;
			compatibilityVersion = "Xcode 14.0";
			developmentRegion = en;
			hasScannedForEncodings = 0;
			knownRegions = (
				en,
				Base,
			);
			mainGroup = E8AA825D2C2427D400185D5D;
			productRefGroup = E8AA82672C2427D400185D5D /* Products */;
			projectDirPath = "";
			projectRoot = "";
			targets = (
				E8AA82652C2427D400185D5D /* Josimi */,
			);
		};
/* End PBXProject section */

/* Begin PBXResourcesBuildPhase section */
		E8AA82642C2427D400185D5D /* Resources */ = {
			isa = PBXResourcesBuildPhase;
			buildActionMask = 2147483647;
			files = (
				E8AA82712C2427D600185D5D /* Preview Assets.xcassets in Resources */,
				E8AA826E2C2427D600185D5D /* Assets.xcassets in Resources */,
			);
			runOnlyForDeploymentPostprocessing = 0;
		};
/* End PBXResourcesBuildPhase section */

/* Begin PBXSourcesBuildPhase section */
		E8AA82622C2427D400185D5D /* Sources */ = {
			isa = PBXSourcesBuildPhase;
			buildActionMask = 2147483647;
			files = (
				E8AA827C2C242BCE00185D5D /* SearchBarView.swift in Sources */,
				E85C7FFF2C29A8E200E9F875 /* ADBannerView.swift in Sources */,
				E884DE9B2C32EBF600D1B884 /* CameraView.swift in Sources */,
				E85C80042C29B2E300E9F875 /* ADBannerModel.swift in Sources */,
				E884DEA32C32F86100D1B884 /* ButtonView.swift in Sources */,
				E8AA826C2C2427D400185D5D /* ContentView.swift in Sources */,
				E85C80012C29A94200E9F875 /* InfinitePageView.swift in Sources */,
				E884DE932C32E8BD00D1B884 /* TabbarView.swift in Sources */,
				E8AA82792C2428A400185D5D /* MainHomeView.swift in Sources */,
				E884DE9D2C32EC0900D1B884 /* CartView.swift in Sources */,
				E884DE9F2C32EC1D00D1B884 /* AccountView.swift in Sources */,
				E8AA826A2C2427D400185D5D /* JosimiApp.swift in Sources */,
				E884DEA12C32ECF800D1B884 /* CustomTabbarView.swift in Sources */,
				E85C7FF02C2988A000E9F875 /* ADBannerViewModel.swift in Sources */,
				E85C7FFC2C29A8A900E9F875 /* ADBannerItemView.swift in Sources */,
				E884DE992C32EBD300D1B884 /* WishListView.swift in Sources */,
			);
			runOnlyForDeploymentPostprocessing = 0;
		};
/* End PBXSourcesBuildPhase section */

/* Begin XCBuildConfiguration section */
		E8AA82722C2427D600185D5D /* Debug */ = {
			isa = XCBuildConfiguration;
			buildSettings = {
				ALWAYS_SEARCH_USER_PATHS = NO;
				ASSETCATALOG_COMPILER_GENERATE_SWIFT_ASSET_SYMBOL_EXTENSIONS = YES;
				CLANG_ANALYZER_NONNULL = YES;
				CLANG_ANALYZER_NUMBER_OBJECT_CONVERSION = YES_AGGRESSIVE;
				CLANG_CXX_LANGUAGE_STANDARD = "gnu++20";
				CLANG_ENABLE_MODULES = YES;
				CLANG_ENABLE_OBJC_ARC = YES;
				CLANG_ENABLE_OBJC_WEAK = YES;
				CLANG_WARN_BLOCK_CAPTURE_AUTORELEASING = YES;
				CLANG_WARN_BOOL_CONVERSION = YES;
				CLANG_WARN_COMMA = YES;
				CLANG_WARN_CONSTANT_CONVERSION = YES;
				CLANG_WARN_DEPRECATED_OBJC_IMPLEMENTATIONS = YES;
				CLANG_WARN_DIRECT_OBJC_ISA_USAGE = YES_ERROR;
				CLANG_WARN_DOCUMENTATION_COMMENTS = YES;
				CLANG_WARN_EMPTY_BODY = YES;
				CLANG_WARN_ENUM_CONVERSION = YES;
				CLANG_WARN_INFINITE_RECURSION = YES;
				CLANG_WARN_INT_CONVERSION = YES;
				CLANG_WARN_NON_LITERAL_NULL_CONVERSION = YES;
				CLANG_WARN_OBJC_IMPLICIT_RETAIN_SELF = YES;
				CLANG_WARN_OBJC_LITERAL_CONVERSION = YES;
				CLANG_WARN_OBJC_ROOT_CLASS = YES_ERROR;
				CLANG_WARN_QUOTED_INCLUDE_IN_FRAMEWORK_HEADER = YES;
				CLANG_WARN_RANGE_LOOP_ANALYSIS = YES;
				CLANG_WARN_STRICT_PROTOTYPES = YES;
				CLANG_WARN_SUSPICIOUS_MOVE = YES;
				CLANG_WARN_UNGUARDED_AVAILABILITY = YES_AGGRESSIVE;
				CLANG_WARN_UNREACHABLE_CODE = YES;
				CLANG_WARN__DUPLICATE_METHOD_MATCH = YES;
				COPY_PHASE_STRIP = NO;
				DEBUG_INFORMATION_FORMAT = dwarf;
				ENABLE_STRICT_OBJC_MSGSEND = YES;
				ENABLE_TESTABILITY = YES;
				ENABLE_USER_SCRIPT_SANDBOXING = YES;
				GCC_C_LANGUAGE_STANDARD = gnu17;
				GCC_DYNAMIC_NO_PIC = NO;
				GCC_NO_COMMON_BLOCKS = YES;
				GCC_OPTIMIZATION_LEVEL = 0;
				GCC_PREPROCESSOR_DEFINITIONS = (
					"DEBUG=1",
					"$(inherited)",
				);
				GCC_WARN_64_TO_32_BIT_CONVERSION = YES;
				GCC_WARN_ABOUT_RETURN_TYPE = YES_ERROR;
				GCC_WARN_UNDECLARED_SELECTOR = YES;
				GCC_WARN_UNINITIALIZED_AUTOS = YES_AGGRESSIVE;
				GCC_WARN_UNUSED_FUNCTION = YES;
				GCC_WARN_UNUSED_VARIABLE = YES;
				IPHONEOS_DEPLOYMENT_TARGET = 17.4;
				LOCALIZATION_PREFERS_STRING_CATALOGS = YES;
				MTL_ENABLE_DEBUG_INFO = INCLUDE_SOURCE;
				MTL_FAST_MATH = YES;
				ONLY_ACTIVE_ARCH = YES;
				SDKROOT = iphoneos;
				SWIFT_ACTIVE_COMPILATION_CONDITIONS = "DEBUG $(inherited)";
				SWIFT_OPTIMIZATION_LEVEL = "-Onone";
			};
			name = Debug;
		};
		E8AA82732C2427D600185D5D /* Release */ = {
			isa = XCBuildConfiguration;
			buildSettings = {
				ALWAYS_SEARCH_USER_PATHS = NO;
				ASSETCATALOG_COMPILER_GENERATE_SWIFT_ASSET_SYMBOL_EXTENSIONS = YES;
				CLANG_ANALYZER_NONNULL = YES;
				CLANG_ANALYZER_NUMBER_OBJECT_CONVERSION = YES_AGGRESSIVE;
				CLANG_CXX_LANGUAGE_STANDARD = "gnu++20";
				CLANG_ENABLE_MODULES = YES;
				CLANG_ENABLE_OBJC_ARC = YES;
				CLANG_ENABLE_OBJC_WEAK = YES;
				CLANG_WARN_BLOCK_CAPTURE_AUTORELEASING = YES;
				CLANG_WARN_BOOL_CONVERSION = YES;
				CLANG_WARN_COMMA = YES;
				CLANG_WARN_CONSTANT_CONVERSION = YES;
				CLANG_WARN_DEPRECATED_OBJC_IMPLEMENTATIONS = YES;
				CLANG_WARN_DIRECT_OBJC_ISA_USAGE = YES_ERROR;
				CLANG_WARN_DOCUMENTATION_COMMENTS = YES;
				CLANG_WARN_EMPTY_BODY = YES;
				CLANG_WARN_ENUM_CONVERSION = YES;
				CLANG_WARN_INFINITE_RECURSION = YES;
				CLANG_WARN_INT_CONVERSION = YES;
				CLANG_WARN_NON_LITERAL_NULL_CONVERSION = YES;
				CLANG_WARN_OBJC_IMPLICIT_RETAIN_SELF = YES;
				CLANG_WARN_OBJC_LITERAL_CONVERSION = YES;
				CLANG_WARN_OBJC_ROOT_CLASS = YES_ERROR;
				CLANG_WARN_QUOTED_INCLUDE_IN_FRAMEWORK_HEADER = YES;
				CLANG_WARN_RANGE_LOOP_ANALYSIS = YES;
				CLANG_WARN_STRICT_PROTOTYPES = YES;
				CLANG_WARN_SUSPICIOUS_MOVE = YES;
				CLANG_WARN_UNGUARDED_AVAILABILITY = YES_AGGRESSIVE;
				CLANG_WARN_UNREACHABLE_CODE = YES;
				CLANG_WARN__DUPLICATE_METHOD_MATCH = YES;
				COPY_PHASE_STRIP = NO;
				DEBUG_INFORMATION_FORMAT = "dwarf-with-dsym";
				ENABLE_NS_ASSERTIONS = NO;
				ENABLE_STRICT_OBJC_MSGSEND = YES;
				ENABLE_USER_SCRIPT_SANDBOXING = YES;
				GCC_C_LANGUAGE_STANDARD = gnu17;
				GCC_NO_COMMON_BLOCKS = YES;
				GCC_WARN_64_TO_32_BIT_CONVERSION = YES;
				GCC_WARN_ABOUT_RETURN_TYPE = YES_ERROR;
				GCC_WARN_UNDECLARED_SELECTOR = YES;
				GCC_WARN_UNINITIALIZED_AUTOS = YES_AGGRESSIVE;
				GCC_WARN_UNUSED_FUNCTION = YES;
				GCC_WARN_UNUSED_VARIABLE = YES;
				IPHONEOS_DEPLOYMENT_TARGET = 17.4;
				LOCALIZATION_PREFERS_STRING_CATALOGS = YES;
				MTL_ENABLE_DEBUG_INFO = NO;
				MTL_FAST_MATH = YES;
				SDKROOT = iphoneos;
				SWIFT_COMPILATION_MODE = wholemodule;
				VALIDATE_PRODUCT = YES;
			};
			name = Release;
		};
		E8AA82752C2427D600185D5D /* Debug */ = {
			isa = XCBuildConfiguration;
			buildSettings = {
				ASSETCATALOG_COMPILER_APPICON_NAME = AppIcon;
				ASSETCATALOG_COMPILER_GLOBAL_ACCENT_COLOR_NAME = AccentColor;
				CODE_SIGN_STYLE = Automatic;
				CURRENT_PROJECT_VERSION = 1;
				DEVELOPMENT_ASSET_PATHS = "\"Josimi/Preview Content\"";
				DEVELOPMENT_TEAM = 52YSN62MCL;
				ENABLE_PREVIEWS = YES;
				GENERATE_INFOPLIST_FILE = YES;
				INFOPLIST_KEY_UIApplicationSceneManifest_Generation = YES;
				INFOPLIST_KEY_UIApplicationSupportsIndirectInputEvents = YES;
				INFOPLIST_KEY_UILaunchScreen_Generation = YES;
				INFOPLIST_KEY_UISupportedInterfaceOrientations_iPad = "UIInterfaceOrientationPortrait UIInterfaceOrientationPortraitUpsideDown UIInterfaceOrientationLandscapeLeft UIInterfaceOrientationLandscapeRight";
				INFOPLIST_KEY_UISupportedInterfaceOrientations_iPhone = "UIInterfaceOrientationPortrait UIInterfaceOrientationLandscapeLeft UIInterfaceOrientationLandscapeRight";
				LD_RUNPATH_SEARCH_PATHS = (
					"$(inherited)",
					"@executable_path/Frameworks",
				);
				MARKETING_VERSION = 1.0;
				PRODUCT_BUNDLE_IDENTIFIER = com.GGDol.Josimi;
				PRODUCT_NAME = "$(TARGET_NAME)";
				SWIFT_EMIT_LOC_STRINGS = YES;
				SWIFT_VERSION = 5.0;
				TARGETED_DEVICE_FAMILY = "1,2";
			};
			name = Debug;
		};
		E8AA82762C2427D600185D5D /* Release */ = {
			isa = XCBuildConfiguration;
			buildSettings = {
				ASSETCATALOG_COMPILER_APPICON_NAME = AppIcon;
				ASSETCATALOG_COMPILER_GLOBAL_ACCENT_COLOR_NAME = AccentColor;
				CODE_SIGN_STYLE = Automatic;
				CURRENT_PROJECT_VERSION = 1;
				DEVELOPMENT_ASSET_PATHS = "\"Josimi/Preview Content\"";
				DEVELOPMENT_TEAM = 52YSN62MCL;
				ENABLE_PREVIEWS = YES;
				GENERATE_INFOPLIST_FILE = YES;
				INFOPLIST_KEY_UIApplicationSceneManifest_Generation = YES;
				INFOPLIST_KEY_UIApplicationSupportsIndirectInputEvents = YES;
				INFOPLIST_KEY_UILaunchScreen_Generation = YES;
				INFOPLIST_KEY_UISupportedInterfaceOrientations_iPad = "UIInterfaceOrientationPortrait UIInterfaceOrientationPortraitUpsideDown UIInterfaceOrientationLandscapeLeft UIInterfaceOrientationLandscapeRight";
				INFOPLIST_KEY_UISupportedInterfaceOrientations_iPhone = "UIInterfaceOrientationPortrait UIInterfaceOrientationLandscapeLeft UIInterfaceOrientationLandscapeRight";
				LD_RUNPATH_SEARCH_PATHS = (
					"$(inherited)",
					"@executable_path/Frameworks",
				);
				MARKETING_VERSION = 1.0;
				PRODUCT_BUNDLE_IDENTIFIER = com.GGDol.Josimi;
				PRODUCT_NAME = "$(TARGET_NAME)";
				SWIFT_EMIT_LOC_STRINGS = YES;
				SWIFT_VERSION = 5.0;
				TARGETED_DEVICE_FAMILY = "1,2";
			};
			name = Release;
		};
/* End XCBuildConfiguration section */

/* Begin XCConfigurationList section */
		E8AA82612C2427D400185D5D /* Build configuration list for PBXProject "Josimi" */ = {
			isa = XCConfigurationList;
			buildConfigurations = (
				E8AA82722C2427D600185D5D /* Debug */,
				E8AA82732C2427D600185D5D /* Release */,
			);
			defaultConfigurationIsVisible = 0;
			defaultConfigurationName = Release;
		};
		E8AA82742C2427D600185D5D /* Build configuration list for PBXNativeTarget "Josimi" */ = {
			isa = XCConfigurationList;
			buildConfigurations = (
				E8AA82752C2427D600185D5D /* Debug */,
				E8AA82762C2427D600185D5D /* Release */,
			);
			defaultConfigurationIsVisible = 0;
			defaultConfigurationName = Release;
		};
/* End XCConfigurationList section */
	};
	rootObject = E8AA825E2C2427D400185D5D /* Project object */;
}
